# This file is autogenerated, do not edit; changes may be undone by the next 'dep ensure'.


[[projects]]
  branch = "master"
  name = "github.com/kokardy/saxlike"
  packages = ["."]
  revision = "8509aeb1f6e7da2b381d7106f5cd80dcddf160dd"

[solve-meta]
  analyzer-name = "dep"
  analyzer-version = 1
  inputs-digest = "c5fe507e892c17f9296bbe187886d67d4dfca67b5f5cd9f4bc6e33b7b9cb5d20"
  solver-name = "gps-cdcl"
  solver-version = 1
